
Microsoft Visual Studio Solution File, Format Version 12.00
Project("{FAE04EC0-301F-11D3-BF4B-00C04F79EFBC}") = "TicTacToe", "TicTacToe\TicTacToe.csproj", "{91246C96-9DE2-4AEB-B4A2-11D7B16657D0}"
EndProject
Global
	GlobalSection(SolutionConfigurationPlatforms) = preSolution
		Debug|Any CPU = Debug|Any CPU
		Release|Any CPU = Release|Any CPU
	EndGlobalSection
	GlobalSection(ProjectConfigurationPlatforms) = postSolution
		{91246C96-9DE2-4AEB-B4A2-11D7B16657D0}.Debug|Any CPU.ActiveCfg = Debug|Any CPU
		{91246C96-9DE2-4AEB-B4A2-11D7B16657D0}.Debug|Any CPU.Build.0 = Debug|Any CPU
		{91246C96-9DE2-4AEB-B4A2-11D7B16657D0}.Release|Any CPU.ActiveCfg = Release|Any CPU
		{91246C96-9DE2-4AEB-B4A2-11D7B16657D0}.Release|Any CPU.Build.0 = Release|Any CPU
	EndGlobalSection
EndGlobal
